{
  "version": 4,
  "terraform_version": "1.0.11",
  "serial": 1,
  "lineage": "e845bd89-dc5b-078a-e541-a816b249ce6d",
  "outputs": {},
  "resources": [
    {
      "mode": "managed",
      "type": "aci_tenant",
      "name": "terraform_tenant",
      "provider": "provider[\"registry.terraform.io/ciscodevnet/aci\"]",
      "instances": [
        {
          "schema_version": 1,
          "attributes": {
            "annotation": "orchestrator:terraform",
            "description": "This tenant is created by terraform",
            "id": "uni/tn-josh_test",
            "name": "josh_test",
            "name_alias": "",
            "relation_fv_rs_tenant_mon_pol": "",
            "relation_fv_rs_tn_deny_rule": null
          },
          "sensitive_attributes": [],
          "private": "eyJzY2hlbWFfdmVyc2lvbiI6IjEifQ=="
        }
      ]
    }
  ]
}
